
Microsoft Visual Studio Solution File, Format Version 12.00
# Visual Studio Version 16
VisualStudioVersion = 16.0.30611.23
MinimumVisualStudioVersion = 10.0.40219.1
Project("{FAE04EC0-301F-11D3-BF4B-00C04F79EFBC}") = "BookStore", "BookStore\BookStore.csproj", "{70BF23A5-E0F1-49C1-AB14-6A68621790D2}"
EndProject
Project("{FAE04EC0-301F-11D3-BF4B-00C04F79EFBC}") = "BookStoreTest", "BookStoreTest\BookStoreTest.csproj", "{710888D8-D212-4FD6-8C5A-82E59765C21C}"
EndProject
Project("{FAE04EC0-301F-11D3-BF4B-00C04F79EFBC}") = "BookStoreConsole", "BookStoreConsole\BookStoreConsole.csproj", "{D866CD3A-9080-4259-BC22-40D66EE7A5A6}"
EndProject
Global
	GlobalSection(SolutionConfigurationPlatforms) = preSolution
		Debug|Any CPU = Debug|Any CPU
		Release|Any CPU = Release|Any CPU
	EndGlobalSection
	GlobalSection(ProjectConfigurationPlatforms) = postSolution
		{70BF23A5-E0F1-49C1-AB14-6A68621790D2}.Debug|Any CPU.ActiveCfg = Debug|Any CPU
		{70BF23A5-E0F1-49C1-AB14-6A68621790D2}.Debug|Any CPU.Build.0 = Debug|Any CPU
		{70BF23A5-E0F1-49C1-AB14-6A68621790D2}.Release|Any CPU.ActiveCfg = Release|Any CPU
		{70BF23A5-E0F1-49C1-AB14-6A68621790D2}.Release|Any CPU.Build.0 = Release|Any CPU
		{710888D8-D212-4FD6-8C5A-82E59765C21C}.Debug|Any CPU.ActiveCfg = Debug|Any CPU
		{710888D8-D212-4FD6-8C5A-82E59765C21C}.Debug|Any CPU.Build.0 = Debug|Any CPU
		{710888D8-D212-4FD6-8C5A-82E59765C21C}.Release|Any CPU.ActiveCfg = Release|Any CPU
		{710888D8-D212-4FD6-8C5A-82E59765C21C}.Release|Any CPU.Build.0 = Release|Any CPU
		{D866CD3A-9080-4259-BC22-40D66EE7A5A6}.Debug|Any CPU.ActiveCfg = Debug|Any CPU
		{D866CD3A-9080-4259-BC22-40D66EE7A5A6}.Debug|Any CPU.Build.0 = Debug|Any CPU
		{D866CD3A-9080-4259-BC22-40D66EE7A5A6}.Release|Any CPU.ActiveCfg = Release|Any CPU
		{D866CD3A-9080-4259-BC22-40D66EE7A5A6}.Release|Any CPU.Build.0 = Release|Any CPU
	EndGlobalSection
	GlobalSection(SolutionProperties) = preSolution
		HideSolutionNode = FALSE
	EndGlobalSection
	GlobalSection(ExtensibilityGlobals) = postSolution
		SolutionGuid = {48584B10-E70F-4BF8-9C18-1D98C138B508}
	EndGlobalSection
EndGlobal
